
Microsoft Visual Studio Solution File, Format Version 12.00
# Visual Studio 15
VisualStudioVersion = 15.0.27703.2042
MinimumVisualStudioVersion = 10.0.40219.1
Project("{FAE04EC0-301F-11D3-BF4B-00C04F79EFBC}") = "UsuarioInteres.Android", "UsuarioInteres\UsuarioInteres.Android\UsuarioInteres.Android.csproj", "{C66F52C2-5B21-4DF6-895F-82EDC33BAA74}"
EndProject
Project("{FAE04EC0-301F-11D3-BF4B-00C04F79EFBC}") = "UsuarioInteres.iOS", "UsuarioInteres\UsuarioInteres.iOS\UsuarioInteres.iOS.csproj", "{8E0AEC97-1B88-441C-9835-55651BCC1ECC}"
EndProject
Project("{9A19103F-16F7-4668-BE54-9A1E7A4F7556}") = "UsuarioInteres", "UsuarioInteres\UsuarioInteres\UsuarioInteres.csproj", "{BFA07C15-2E51-4BBD-880A-0672E91AB283}"
EndProject
Global
	GlobalSection(SolutionConfigurationPlatforms) = preSolution
		Ad-Hoc|Any CPU = Ad-Hoc|Any CPU
		Ad-Hoc|iPhone = Ad-Hoc|iPhone
		Ad-Hoc|iPhoneSimulator = Ad-Hoc|iPhoneSimulator
		AppStore|Any CPU = AppStore|Any CPU
		AppStore|iPhone = AppStore|iPhone
		AppStore|iPhoneSimulator = AppStore|iPhoneSimulator
		Debug|Any CPU = Debug|Any CPU
		Debug|iPhone = Debug|iPhone
		Debug|iPhoneSimulator = Debug|iPhoneSimulator
		Release|Any CPU = Release|Any CPU
		Release|iPhone = Release|iPhone
		Release|iPhoneSimulator = Release|iPhoneSimulator
	EndGlobalSection
	GlobalSection(ProjectConfigurationPlatforms) = postSolution
		{C66F52C2-5B21-4DF6-895F-82EDC33BAA74}.Ad-Hoc|Any CPU.ActiveCfg = Release|Any CPU
		{C66F52C2-5B21-4DF6-895F-82EDC33BAA74}.Ad-Hoc|Any CPU.Build.0 = Release|Any CPU
		{C66F52C2-5B21-4DF6-895F-82EDC33BAA74}.Ad-Hoc|Any CPU.Deploy.0 = Release|Any CPU
		{C66F52C2-5B21-4DF6-895F-82EDC33BAA74}.Ad-Hoc|iPhone.ActiveCfg = Release|Any CPU
		{C66F52C2-5B21-4DF6-895F-82EDC33BAA74}.Ad-Hoc|iPhone.Build.0 = Release|Any CPU
		{C66F52C2-5B21-4DF6-895F-82EDC33BAA74}.Ad-Hoc|iPhone.Deploy.0 = Release|Any CPU
		{C66F52C2-5B21-4DF6-895F-82EDC33BAA74}.Ad-Hoc|iPhoneSimulator.ActiveCfg = Release|Any CPU
		{C66F52C2-5B21-4DF6-895F-82EDC33BAA74}.Ad-Hoc|iPhoneSimulator.Build.0 = Release|Any CPU
		{C66F52C2-5B21-4DF6-895F-82EDC33BAA74}.Ad-Hoc|iPhoneSimulator.Deploy.0 = Release|Any CPU
		{C66F52C2-5B21-4DF6-895F-82EDC33BAA74}.AppStore|Any CPU.ActiveCfg = Release|Any CPU
		{C66F52C2-5B21-4DF6-895F-82EDC33BAA74}.AppStore|Any CPU.Build.0 = Release|Any CPU
		{C66F52C2-5B21-4DF6-895F-82EDC33BAA74}.AppStore|Any CPU.Deploy.0 = Release|Any CPU
		{C66F52C2-5B21-4DF6-895F-82EDC33BAA74}.AppStore|iPhone.ActiveCfg = Release|Any CPU
		{C66F52C2-5B21-4DF6-895F-82EDC33BAA74}.AppStore|iPhone.Build.0 = Release|Any CPU
		{C66F52C2-5B21-4DF6-895F-82EDC33BAA74}.AppStore|iPhone.Deploy.0 = Release|Any CPU
		{C66F52C2-5B21-4DF6-895F-82EDC33BAA74}.AppStore|iPhoneSimulator.ActiveCfg = Release|Any CPU
		{C66F52C2-5B21-4DF6-895F-82EDC33BAA74}.AppStore|iPhoneSimulator.Build.0 = Release|Any CPU
		{C66F52C2-5B21-4DF6-895F-82EDC33BAA74}.AppStore|iPhoneSimulator.Deploy.0 = Release|Any CPU
		{C66F52C2-5B21-4DF6-895F-82EDC33BAA74}.Debug|Any CPU.ActiveCfg = Debug|Any CPU
		{C66F52C2-5B21-4DF6-895F-82EDC33BAA74}.Debug|Any CPU.Build.0 = Debug|Any CPU
		{C66F52C2-5B21-4DF6-895F-82EDC33BAA74}.Debug|Any CPU.Deploy.0 = Debug|Any CPU
		{C66F52C2-5B21-4DF6-895F-82EDC33BAA74}.Debug|iPhone.ActiveCfg = Debug|Any CPU
		{C66F52C2-5B21-4DF6-895F-82EDC33BAA74}.Debug|iPhone.Build.0 = Debug|Any CPU
		{C66F52C2-5B21-4DF6-895F-82EDC33BAA74}.Debug|iPhone.Deploy.0 = Debug|Any CPU
		{C66F52C2-5B21-4DF6-895F-82EDC33BAA74}.Debug|iPhoneSimulator.ActiveCfg = Debug|Any CPU
		{C66F52C2-5B21-4DF6-895F-82EDC33BAA74}.Debug|iPhoneSimulator.Build.0 = Debug|Any CPU
		{C66F52C2-5B21-4DF6-895F-82EDC33BAA74}.Debug|iPhoneSimulator.Deploy.0 = Debug|Any CPU
		{C66F52C2-5B21-4DF6-895F-82EDC33BAA74}.Release|Any CPU.ActiveCfg = Release|Any CPU
		{C66F52C2-5B21-4DF6-895F-82EDC33BAA74}.Release|Any CPU.Build.0 = Release|Any CPU
		{C66F52C2-5B21-4DF6-895F-82EDC33BAA74}.Release|Any CPU.Deploy.0 = Release|Any CPU
		{C66F52C2-5B21-4DF6-895F-82EDC33BAA74}.Release|iPhone.ActiveCfg = Release|Any CPU
		{C66F52C2-5B21-4DF6-895F-82EDC33BAA74}.Release|iPhone.Build.0 = Release|Any CPU
		{C66F52C2-5B21-4DF6-895F-82EDC33BAA74}.Release|iPhone.Deploy.0 = Release|Any CPU
		{C66F52C2-5B21-4DF6-895F-82EDC33BAA74}.Release|iPhoneSimulator.ActiveCfg = Release|Any CPU
		{C66F52C2-5B21-4DF6-895F-82EDC33BAA74}.Release|iPhoneSimulator.Build.0 = Release|Any CPU
		{C66F52C2-5B21-4DF6-895F-82EDC33BAA74}.Release|iPhoneSimulator.Deploy.0 = Release|Any CPU
		{8E0AEC97-1B88-441C-9835-55651BCC1ECC}.Ad-Hoc|Any CPU.ActiveCfg = Ad-Hoc|iPhone
		{8E0AEC97-1B88-441C-9835-55651BCC1ECC}.Ad-Hoc|Any CPU.Build.0 = Ad-Hoc|iPhone
		{8E0AEC97-1B88-441C-9835-55651BCC1ECC}.Ad-Hoc|Any CPU.Deploy.0 = Ad-Hoc|iPhone
		{8E0AEC97-1B88-441C-9835-55651BCC1ECC}.Ad-Hoc|iPhone.ActiveCfg = Ad-Hoc|iPhone
		{8E0AEC97-1B88-441C-9835-55651BCC1ECC}.Ad-Hoc|iPhone.Build.0 = Ad-Hoc|iPhone
		{8E0AEC97-1B88-441C-9835-55651BCC1ECC}.Ad-Hoc|iPhone.Deploy.0 = Ad-Hoc|iPhone
		{8E0AEC97-1B88-441C-9835-55651BCC1ECC}.Ad-Hoc|iPhoneSimulator.ActiveCfg = Ad-Hoc|iPhoneSimulator
		{8E0AEC97-1B88-441C-9835-55651BCC1ECC}.Ad-Hoc|iPhoneSimulator.Build.0 = Ad-Hoc|iPhoneSimulator
		{8E0AEC97-1B88-441C-9835-55651BCC1ECC}.Ad-Hoc|iPhoneSimulator.Deploy.0 = Ad-Hoc|iPhoneSimulator
		{8E0AEC97-1B88-441C-9835-55651BCC1ECC}.AppStore|Any CPU.ActiveCfg = AppStore|iPhone
		{8E0AEC97-1B88-441C-9835-55651BCC1ECC}.AppStore|Any CPU.Build.0 = AppStore|iPhone
		{8E0AEC97-1B88-441C-9835-55651BCC1ECC}.AppStore|Any CPU.Deploy.0 = AppStore|iPhone
		{8E0AEC97-1B88-441C-9835-55651BCC1ECC}.AppStore|iPhone.ActiveCfg = AppStore|iPhone
		{8E0AEC97-1B88-441C-9835-55651BCC1ECC}.AppStore|iPhone.Build.0 = AppStore|iPhone
		{8E0AEC97-1B88-441C-9835-55651BCC1ECC}.AppStore|iPhone.Deploy.0 = AppStore|iPhone
		{8E0AEC97-1B88-441C-9835-55651BCC1ECC}.AppStore|iPhoneSimulator.ActiveCfg = AppStore|iPhoneSimulator
		{8E0AEC97-1B88-441C-9835-55651BCC1ECC}.AppStore|iPhoneSimulator.Build.0 = AppStore|iPhoneSimulator
		{8E0AEC97-1B88-441C-9835-55651BCC1ECC}.AppStore|iPhoneSimulator.Deploy.0 = AppStore|iPhoneSimulator
		{8E0AEC97-1B88-441C-9835-55651BCC1ECC}.Debug|Any CPU.ActiveCfg = Debug|iPhoneSimulator
		{8E0AEC97-1B88-441C-9835-55651BCC1ECC}.Debug|Any CPU.Build.0 = Debug|iPhoneSimulator
		{8E0AEC97-1B88-441C-9835-55651BCC1ECC}.Debug|Any CPU.Deploy.0 = Debug|iPhoneSimulator
		{8E0AEC97-1B88-441C-9835-55651BCC1ECC}.Debug|iPhone.ActiveCfg = Debug|iPhone
		{8E0AEC97-1B88-441C-9835-55651BCC1ECC}.Debug|iPhone.Build.0 = Debug|iPhone
		{8E0AEC97-1B88-441C-9835-55651BCC1ECC}.Debug|iPhone.Deploy.0 = Debug|iPhone
		{8E0AEC97-1B88-441C-9835-55651BCC1ECC}.Debug|iPhoneSimulator.ActiveCfg = Debug|iPhoneSimulator
		{8E0AEC97-1B88-441C-9835-55651BCC1ECC}.Debug|iPhoneSimulator.Build.0 = Debug|iPhoneSimulator
		{8E0AEC97-1B88-441C-9835-55651BCC1ECC}.Debug|iPhoneSimulator.Deploy.0 = Debug|iPhoneSimulator
		{8E0AEC97-1B88-441C-9835-55651BCC1ECC}.Release|Any CPU.ActiveCfg = Release|iPhone
		{8E0AEC97-1B88-441C-9835-55651BCC1ECC}.Release|Any CPU.Build.0 = Release|iPhone
		{8E0AEC97-1B88-441C-9835-55651BCC1ECC}.Release|Any CPU.Deploy.0 = Release|iPhone
		{8E0AEC97-1B88-441C-9835-55651BCC1ECC}.Release|iPhone.ActiveCfg = Release|iPhone
		{8E0AEC97-1B88-441C-9835-55651BCC1ECC}.Release|iPhone.Build.0 = Release|iPhone
		{8E0AEC97-1B88-441C-9835-55651BCC1ECC}.Release|iPhone.Deploy.0 = Release|iPhone
		{8E0AEC97-1B88-441C-9835-55651BCC1ECC}.Release|iPhoneSimulator.ActiveCfg = Release|iPhoneSimulator
		{8E0AEC97-1B88-441C-9835-55651BCC1ECC}.Release|iPhoneSimulator.Build.0 = Release|iPhoneSimulator
		{8E0AEC97-1B88-441C-9835-55651BCC1ECC}.Release|iPhoneSimulator.Deploy.0 = Release|iPhoneSimulator
		{BFA07C15-2E51-4BBD-880A-0672E91AB283}.Ad-Hoc|Any CPU.ActiveCfg = Debug|Any CPU
		{BFA07C15-2E51-4BBD-880A-0672E91AB283}.Ad-Hoc|Any CPU.Build.0 = Debug|Any CPU
		{BFA07C15-2E51-4BBD-880A-0672E91AB283}.Ad-Hoc|Any CPU.Deploy.0 = Debug|Any CPU
		{BFA07C15-2E51-4BBD-880A-0672E91AB283}.Ad-Hoc|iPhone.ActiveCfg = Debug|Any CPU
		{BFA07C15-2E51-4BBD-880A-0672E91AB283}.Ad-Hoc|iPhone.Build.0 = Debug|Any CPU
		{BFA07C15-2E51-4BBD-880A-0672E91AB283}.Ad-Hoc|iPhone.Deploy.0 = Debug|Any CPU
		{BFA07C15-2E51-4BBD-880A-0672E91AB283}.Ad-Hoc|iPhoneSimulator.ActiveCfg = Debug|Any CPU
		{BFA07C15-2E51-4BBD-880A-0672E91AB283}.Ad-Hoc|iPhoneSimulator.Build.0 = Debug|Any CPU
		{BFA07C15-2E51-4BBD-880A-0672E91AB283}.Ad-Hoc|iPhoneSimulator.Deploy.0 = Debug|Any CPU
		{BFA07C15-2E51-4BBD-880A-0672E91AB283}.AppStore|Any CPU.ActiveCfg = Debug|Any CPU
		{BFA07C15-2E51-4BBD-880A-0672E91AB283}.AppStore|Any CPU.Build.0 = Debug|Any CPU
		{BFA07C15-2E51-4BBD-880A-0672E91AB283}.AppStore|Any CPU.Deploy.0 = Debug|Any CPU
		{BFA07C15-2E51-4BBD-880A-0672E91AB283}.AppStore|iPhone.ActiveCfg = Debug|Any CPU
		{BFA07C15-2E51-4BBD-880A-0672E91AB283}.AppStore|iPhone.Build.0 = Debug|Any CPU
		{BFA07C15-2E51-4BBD-880A-0672E91AB283}.AppStore|iPhone.Deploy.0 = Debug|Any CPU
		{BFA07C15-2E51-4BBD-880A-0672E91AB283}.AppStore|iPhoneSimulator.ActiveCfg = Debug|Any CPU
		{BFA07C15-2E51-4BBD-880A-0672E91AB283}.AppStore|iPhoneSimulator.Build.0 = Debug|Any CPU
		{BFA07C15-2E51-4BBD-880A-0672E91AB283}.AppStore|iPhoneSimulator.Deploy.0 = Debug|Any CPU
		{BFA07C15-2E51-4BBD-880A-0672E91AB283}.Debug|Any CPU.ActiveCfg = Debug|Any CPU
		{BFA07C15-2E51-4BBD-880A-0672E91AB283}.Debug|Any CPU.Build.0 = Debug|Any CPU
		{BFA07C15-2E51-4BBD-880A-0672E91AB283}.Debug|Any CPU.Deploy.0 = Debug|Any CPU
		{BFA07C15-2E51-4BBD-880A-0672E91AB283}.Debug|iPhone.ActiveCfg = Debug|Any CPU
		{BFA07C15-2E51-4BBD-880A-0672E91AB283}.Debug|iPhone.Build.0 = Debug|Any CPU
		{BFA07C15-2E51-4BBD-880A-0672E91AB283}.Debug|iPhone.Deploy.0 = Debug|Any CPU
		{BFA07C15-2E51-4BBD-880A-0672E91AB283}.Debug|iPhoneSimulator.ActiveCfg = Debug|Any CPU
		{BFA07C15-2E51-4BBD-880A-0672E91AB283}.Debug|iPhoneSimulator.Build.0 = Debug|Any CPU
		{BFA07C15-2E51-4BBD-880A-0672E91AB283}.Debug|iPhoneSimulator.Deploy.0 = Debug|Any CPU
		{BFA07C15-2E51-4BBD-880A-0672E91AB283}.Release|Any CPU.ActiveCfg = Release|Any CPU
		{BFA07C15-2E51-4BBD-880A-0672E91AB283}.Release|Any CPU.Build.0 = Release|Any CPU
		{BFA07C15-2E51-4BBD-880A-0672E91AB283}.Release|Any CPU.Deploy.0 = Release|Any CPU
		{BFA07C15-2E51-4BBD-880A-0672E91AB283}.Release|iPhone.ActiveCfg = Release|Any CPU
		{BFA07C15-2E51-4BBD-880A-0672E91AB283}.Release|iPhone.Build.0 = Release|Any CPU
		{BFA07C15-2E51-4BBD-880A-0672E91AB283}.Release|iPhone.Deploy.0 = Release|Any CPU
		{BFA07C15-2E51-4BBD-880A-0672E91AB283}.Release|iPhoneSimulator.ActiveCfg = Release|Any CPU
		{BFA07C15-2E51-4BBD-880A-0672E91AB283}.Release|iPhoneSimulator.Build.0 = Release|Any CPU
		{BFA07C15-2E51-4BBD-880A-0672E91AB283}.Release|iPhoneSimulator.Deploy.0 = Release|Any CPU
	EndGlobalSection
	GlobalSection(SolutionProperties) = preSolution
		HideSolutionNode = FALSE
	EndGlobalSection
	GlobalSection(ExtensibilityGlobals) = postSolution
		SolutionGuid = {37615013-D938-4DBA-8F67-07BE264FDA9F}
	EndGlobalSection
EndGlobal
